github.com/ryanachmad85/go-say-hello v1.0.0 h1:cOe7N5mrJWZ1bB2s6Pq2chlUPjpKpRbh4XtdBfcbpi8=
github.com/ryanachmad85/go-say-hello v1.0.0/go.mod h1:CWII+hfEtXat4YE11G/5QNS66hzeOfNDJaKRrJK8tMY=
github.com/ryanachmad85/go-say-hello v1.0.1 h1:NHFkMzROKZ/s8/luZZld3uVnCmmzfDH2dMRBZrzcNYk=
github.com/ryanachmad85/go-say-hello v1.0.1/go.mod h1:CWII+hfEtXat4YE11G/5QNS66hzeOfNDJaKRrJK8tMY=
